// !$*UTF8*$!
{
	archiveVersion = 1;
	classes = {
	};
	objectVersion = 46;
	objects = {

/* Begin PBXBuildFile section */
		2B8709A81B95676B00A5F275 /* main.m in Sources */ = {isa = PBXBuildFile; fileRef = 2B8709A71B95676B00A5F275 /* main.m */; };
		2B8709B01B95678800A5F275 /* Request.m in Sources */ = {isa = PBXBuildFile; fileRef = 2B8709AF1B95678800A5F275 /* Request.m */; };
		2B8709B31B9569E600A5F275 /* Utils.m in Sources */ = {isa = PBXBuildFile; fileRef = 2B8709B21B9569E600A5F275 /* Utils.m */; };
/* End PBXBuildFile section */

/* Begin PBXCopyFilesBuildPhase section */
		2B8709A21B95676B00A5F275 /* CopyFiles */ = {
			isa = PBXCopyFilesBuildPhase;
			buildActionMask = 2147483647;
			dstPath = /usr/share/man/man1/;
			dstSubfolderSpec = 0;
			files = (
			);
			runOnlyForDeploymentPostprocessing = 1;
		};
/* End PBXCopyFilesBuildPhase section */

/* Begin PBXFileReference section */
		2B8709A41B95676B00A5F275 /* JSONRequest */ = {isa = PBXFileReference; explicitFileType = "compiled.mach-o.executable"; includeInIndex = 0; path = JSONRequest; sourceTree = BUILT_PRODUCTS_DIR; };
		2B8709A71B95676B00A5F275 /* main.m */ = {isa = PBXFileReference; lastKnownFileType = sourcecode.c.objc; path = main.m; sourceTree = "<group>"; };
		2B8709AE1B95678800A5F275 /* Request.h */ = {isa = PBXFileReference; fileEncoding = 4; lastKnownFileType = sourcecode.c.h; path = Request.h; sourceTree = "<group>"; };
		2B8709AF1B95678800A5F275 /* Request.m */ = {isa = PBXFileReference; fileEncoding = 4; lastKnownFileType = sourcecode.c.objc; path = Request.m; sourceTree = "<group>"; };
		2B8709B11B9569E600A5F275 /* Utils.h */ = {isa = PBXFileReference; fileEncoding = 4; lastKnownFileType = sourcecode.c.h; path = Utils.h; sourceTree = "<group>"; };
		2B8709B21B9569E600A5F275 /* Utils.m */ = {isa = PBXFileReference; fileEncoding = 4; lastKnownFileType = sourcecode.c.objc; path = Utils.m; sourceTree = "<group>"; };
/* End PBXFileReference section */

/* Begin PBXFrameworksBuildPhase section */
		2B8709A11B95676B00A5F275 /* Frameworks */ = {
			isa = PBXFrameworksBuildPhase;
			buildActionMask = 2147483647;
			files = (
			);
			runOnlyForDeploymentPostprocessing = 0;
		};
/* End PBXFrameworksBuildPhase section */

/* Begin PBXGroup section */
		2B87099B1B95676B00A5F275 = {
			isa = PBXGroup;
			children = (
				2B8709A61B95676B00A5F275 /* JSONRequest */,
				2B8709A51B95676B00A5F275 /* Products */,
			);
			sourceTree = "<group>";
		};
		2B8709A51B95676B00A5F275 /* Products */ = {
			isa = PBXGroup;
			children = (
				2B8709A41B95676B00A5F275 /* JSONRequest */,
			);
			name = Products;
			sourceTree = "<group>";
		};
		2B8709A61B95676B00A5F275 /* JSONRequest */ = {
			isa = PBXGroup;
			children = (
				2B8709A71B95676B00A5F275 /* main.m */,
				2B8709AE1B95678800A5F275 /* Request.h */,
				2B8709AF1B95678800A5F275 /* Request.m */,
				2B8709B11B9569E600A5F275 /* Utils.h */,
				2B8709B21B9569E600A5F275 /* Utils.m */,
			);
			path = JSONRequest;
			sourceTree = "<group>";
		};
/* End PBXGroup section */

/* Begin PBXNativeTarget section */
		2B8709A31B95676B00A5F275 /* JSONRequest */ = {
			isa = PBXNativeTarget;
			buildConfigurationList = 2B8709AB1B95676B00A5F275 /* Build configuration list for PBXNativeTarget "JSONRequest" */;
			buildPhases = (
				2B8709A01B95676B00A5F275 /* Sources */,
				2B8709A11B95676B00A5F275 /* Frameworks */,
				2B8709A21B95676B00A5F275 /* CopyFiles */,
			);
			buildRules = (
			);
			dependencies = (
			);
			name = JSONRequest;
			productName = JSONRequest;
			productReference = 2B8709A41B95676B00A5F275 /* JSONRequest */;
			productType = "com.apple.product-type.tool";
		};
/* End PBXNativeTarget section */

/* Begin PBXProject section */
		2B87099C1B95676B00A5F275 /* Project object */ = {
			isa = PBXProject;
			attributes = {
				LastUpgradeCheck = 0640;
				ORGANIZATIONNAME = "Edge Asia (Indonesia)";
				TargetAttributes = {
					2B8709A31B95676B00A5F275 = {
						CreatedOnToolsVersion = 6.4;
					};
				};
			};
			buildConfigurationList = 2B87099F1B95676B00A5F275 /* Build configuration list for PBXProject "JSONRequest" */;
			compatibilityVersion = "Xcode 3.2";
			developmentRegion = English;
			hasScannedForEncodings = 0;
			knownRegions = (
				en,
			);
			mainGroup = 2B87099B1B95676B00A5F275;
			productRefGroup = 2B8709A51B95676B00A5F275 /* Products */;
			projectDirPath = "";
			projectRoot = "";
			targets = (
				2B8709A31B95676B00A5F275 /* JSONRequest */,
			);
		};
/* End PBXProject section */

/* Begin PBXSourcesBuildPhase section */
		2B8709A01B95676B00A5F275 /* Sources */ = {
			isa = PBXSourcesBuildPhase;
			buildActionMask = 2147483647;
			files = (
				2B8709B31B9569E600A5F275 /* Utils.m in Sources */,
				2B8709A81B95676B00A5F275 /* main.m in Sources */,
				2B8709B01B95678800A5F275 /* Request.m in Sources */,
			);
			runOnlyForDeploymentPostprocessing = 0;
		};
/* End PBXSourcesBuildPhase section */

/* Begin XCBuildConfiguration section */
		2B8709A91B95676B00A5F275 /* Debug */ = {
			isa = XCBuildConfiguration;
			buildSettings = {
				ALWAYS_SEARCH_USER_PATHS = NO;
				CLANG_CXX_LANGUAGE_STANDARD = "gnu++0x";
				CLANG_CXX_LIBRARY = "libc++";
				CLANG_ENABLE_MODULES = YES;
				CLANG_ENABLE_OBJC_ARC = YES;
				CLANG_WARN_BOOL_CONVERSION = YES;
				CLANG_WARN_CONSTANT_CONVERSION = YES;
				CLANG_WARN_DIRECT_OBJC_ISA_USAGE = YES_ERROR;
				CLANG_WARN_EMPTY_BODY = YES;
				CLANG_WARN_ENUM_CONVERSION = YES;
				CLANG_WARN_INT_CONVERSION = YES;
				CLANG_WARN_OBJC_ROOT_CLASS = YES_ERROR;
				CLANG_WARN_UNREACHABLE_CODE = YES;
				CLANG_WARN__DUPLICATE_METHOD_MATCH = YES;
				COPY_PHASE_STRIP = NO;
				DEBUG_INFORMATION_FORMAT = dwarf;
				ENABLE_STRICT_OBJC_MSGSEND = YES;
				GCC_C_LANGUAGE_STANDARD = gnu99;
				GCC_DYNAMIC_NO_PIC = NO;
				GCC_NO_COMMON_BLOCKS = YES;
				GCC_OPTIMIZATION_LEVEL = 0;
				GCC_PREPROCESSOR_DEFINITIONS = (
					"DEBUG=1",
					"$(inherited)",
				);
				GCC_SYMBOLS_PRIVATE_EXTERN = NO;
				GCC_WARN_64_TO_32_BIT_CONVERSION = YES;
				GCC_WARN_ABOUT_RETURN_TYPE = YES_ERROR;
				GCC_WARN_UNDECLARED_SELECTOR = YES;
				GCC_WARN_UNINITIALIZED_AUTOS = YES_AGGRESSIVE;
				GCC_WARN_UNUSED_FUNCTION = YES;
				GCC_WARN_UNUSED_VARIABLE = YES;
				MACOSX_DEPLOYMENT_TARGET = 10.10;
				MTL_ENABLE_DEBUG_INFO = YES;
				ONLY_ACTIVE_ARCH = YES;
				SDKROOT = macosx;
			};
			name = Debug;
		};
		2B8709AA1B95676B00A5F275 /* Release */ = {
			isa = XCBuildConfiguration;
			buildSettings = {
				ALWAYS_SEARCH_USER_PATHS = NO;
				CLANG_CXX_LANGUAGE_STANDARD = "gnu++0x";
				CLANG_CXX_LIBRARY = "libc++";
				CLANG_ENABLE_MODULES = YES;
				CLANG_ENABLE_OBJC_ARC = YES;
				CLANG_WARN_BOOL_CONVERSION = YES;
				CLANG_WARN_CONSTANT_CONVERSION = YES;
				CLANG_WARN_DIRECT_OBJC_ISA_USAGE = YES_ERROR;
				CLANG_WARN_EMPTY_BODY = YES;
				CLANG_WARN_ENUM_CONVERSION = YES;
				CLANG_WARN_INT_CONVERSION = YES;
				CLANG_WARN_OBJC_ROOT_CLASS = YES_ERROR;
				CLANG_WARN_UNREACHABLE_CODE = YES;
				CLANG_WARN__DUPLICATE_METHOD_MATCH = YES;
				COPY_PHASE_STRIP = NO;
				DEBUG_INFORMATION_FORMAT = "dwarf-with-dsym";
				ENABLE_NS_ASSERTIONS = NO;
				ENABLE_STRICT_OBJC_MSGSEND = YES;
				GCC_C_LANGUAGE_STANDARD = gnu99;
				GCC_NO_COMMON_BLOCKS = YES;
				GCC_WARN_64_TO_32_BIT_CONVERSION = YES;
				GCC_WARN_ABOUT_RETURN_TYPE = YES_ERROR;
				GCC_WARN_UNDECLARED_SELECTOR = YES;
				GCC_WARN_UNINITIALIZED_AUTOS = YES_AGGRESSIVE;
				GCC_WARN_UNUSED_FUNCTION = YES;
				GCC_WARN_UNUSED_VARIABLE = YES;
				MACOSX_DEPLOYMENT_TARGET = 10.10;
				MTL_ENABLE_DEBUG_INFO = NO;
				SDKROOT = macosx;
			};
			name = Release;
		};
		2B8709AC1B95676B00A5F275 /* Debug */ = {
			isa = XCBuildConfiguration;
			buildSettings = {
				PRODUCT_NAME = "$(TARGET_NAME)";
			};
			name = Debug;
		};
		2B8709AD1B95676B00A5F275 /* Release */ = {
			isa = XCBuildConfiguration;
			buildSettings = {
				PRODUCT_NAME = "$(TARGET_NAME)";
			};
			name = Release;
		};
/* End XCBuildConfiguration section */

/* Begin XCConfigurationList section */
		2B87099F1B95676B00A5F275 /* Build configuration list for PBXProject "JSONRequest" */ = {
			isa = XCConfigurationList;
			buildConfigurations = (
				2B8709A91B95676B00A5F275 /* Debug */,
				2B8709AA1B95676B00A5F275 /* Release */,
			);
			defaultConfigurationIsVisible = 0;
			defaultConfigurationName = Release;
		};
		2B8709AB1B95676B00A5F275 /* Build configuration list for PBXNativeTarget "JSONRequest" */ = {
			isa = XCConfigurationList;
			buildConfigurations = (
				2B8709AC1B95676B00A5F275 /* Debug */,
				2B8709AD1B95676B00A5F275 /* Release */,
			);
			defaultConfigurationIsVisible = 0;
		};
/* End XCConfigurationList section */
	};
	rootObject = 2B87099C1B95676B00A5F275 /* Project object */;
}
